// !$*UTF8*$!
{
	archiveVersion = 1;
	classes = {
	};
	objectVersion = 50;
	objects = {

/* Begin PBXBuildFile section */
		00845814249D78DC00C69225 /* AppDelegate.swift in Sources */ = {isa = PBXBuildFile; fileRef = 00845813249D78DC00C69225 /* AppDelegate.swift */; };
		00845816249D78DC00C69225 /* SceneDelegate.swift in Sources */ = {isa = PBXBuildFile; fileRef = 00845815249D78DC00C69225 /* SceneDelegate.swift */; };
		00845818249D78DC00C69225 /* ViewController.swift in Sources */ = {isa = PBXBuildFile; fileRef = 00845817249D78DC00C69225 /* ViewController.swift */; };
		0084581B249D78DC00C69225 /* Main.storyboard in Resources */ = {isa = PBXBuildFile; fileRef = 00845819249D78DC00C69225 /* Main.storyboard */; };
		0084581D249D78DE00C69225 /* Assets.xcassets in Resources */ = {isa = PBXBuildFile; fileRef = 0084581C249D78DE00C69225 /* Assets.xcassets */; };
		00845820249D78DE00C69225 /* LaunchScreen.storyboard in Resources */ = {isa = PBXBuildFile; fileRef = 0084581E249D78DE00C69225 /* LaunchScreen.storyboard */; };
		00845828249D799900C69225 /* NavigationController.swift in Sources */ = {isa = PBXBuildFile; fileRef = 00845827249D799900C69225 /* NavigationController.swift */; };
		0084582A249D79FA00C69225 /* IntroductionViewController.swift in Sources */ = {isa = PBXBuildFile; fileRef = 00845829249D79FA00C69225 /* IntroductionViewController.swift */; };
		0084582C249D7A3C00C69225 /* ResultsViewController.swift in Sources */ = {isa = PBXBuildFile; fileRef = 0084582B249D7A3C00C69225 /* ResultsViewController.swift */; };
		0084582E249D7A5E00C69225 /* Animal.swift in Sources */ = {isa = PBXBuildFile; fileRef = 0084582D249D7A5E00C69225 /* Animal.swift */; };
		00845830249D7A9A00C69225 /* Answer.swift in Sources */ = {isa = PBXBuildFile; fileRef = 0084582F249D7A9A00C69225 /* Answer.swift */; };
		00845832249D7ADE00C69225 /* QuestionViewController.swift in Sources */ = {isa = PBXBuildFile; fileRef = 00845831249D7ADE00C69225 /* QuestionViewController.swift */; };
		00845834249D7B1E00C69225 /* SingleQuestionViewController.swift in Sources */ = {isa = PBXBuildFile; fileRef = 00845833249D7B1E00C69225 /* SingleQuestionViewController.swift */; };
		00845836249D7B6300C69225 /* MultipleQuestionViewController.swift in Sources */ = {isa = PBXBuildFile; fileRef = 00845835249D7B6300C69225 /* MultipleQuestionViewController.swift */; };
		00845838249D7BDB00C69225 /* FloatQuestionViewController.swift in Sources */ = {isa = PBXBuildFile; fileRef = 00845837249D7BDB00C69225 /* FloatQuestionViewController.swift */; };
		0084583A249D7C1300C69225 /* questions.swift in Sources */ = {isa = PBXBuildFile; fileRef = 00845839249D7C1300C69225 /* questions.swift */; };
		0084583C249D80C900C69225 /* MultipleTVQuestionViewController.swift in Sources */ = {isa = PBXBuildFile; fileRef = 0084583B249D80C900C69225 /* MultipleTVQuestionViewController.swift */; };
/* End PBXBuildFile section */

/* Begin PBXFileReference section */
		00845810249D78DC00C69225 /* PersonalityInheritance.app */ = {isa = PBXFileReference; explicitFileType = wrapper.application; includeInIndex = 0; path = PersonalityInheritance.app; sourceTree = BUILT_PRODUCTS_DIR; };
		00845813249D78DC00C69225 /* AppDelegate.swift */ = {isa = PBXFileReference; lastKnownFileType = sourcecode.swift; path = AppDelegate.swift; sourceTree = "<group>"; };
		00845815249D78DC00C69225 /* SceneDelegate.swift */ = {isa = PBXFileReference; lastKnownFileType = sourcecode.swift; path = SceneDelegate.swift; sourceTree = "<group>"; };
		00845817249D78DC00C69225 /* ViewController.swift */ = {isa = PBXFileReference; lastKnownFileType = sourcecode.swift; path = ViewController.swift; sourceTree = "<group>"; };
		0084581A249D78DC00C69225 /* Base */ = {isa = PBXFileReference; lastKnownFileType = file.storyboard; name = Base; path = Base.lproj/Main.storyboard; sourceTree = "<group>"; };
		0084581C249D78DE00C69225 /* Assets.xcassets */ = {isa = PBXFileReference; lastKnownFileType = folder.assetcatalog; path = Assets.xcassets; sourceTree = "<group>"; };
		0084581F249D78DE00C69225 /* Base */ = {isa = PBXFileReference; lastKnownFileType = file.storyboard; name = Base; path = Base.lproj/LaunchScreen.storyboard; sourceTree = "<group>"; };
		00845821249D78DE00C69225 /* Info.plist */ = {isa = PBXFileReference; lastKnownFileType = text.plist.xml; path = Info.plist; sourceTree = "<group>"; };
		00845827249D799900C69225 /* NavigationController.swift */ = {isa = PBXFileReference; lastKnownFileType = sourcecode.swift; path = NavigationController.swift; sourceTree = "<group>"; };
		00845829249D79FA00C69225 /* IntroductionViewController.swift */ = {isa = PBXFileReference; lastKnownFileType = sourcecode.swift; path = IntroductionViewController.swift; sourceTree = "<group>"; };
		0084582B249D7A3C00C69225 /* ResultsViewController.swift */ = {isa = PBXFileReference; lastKnownFileType = sourcecode.swift; path = ResultsViewController.swift; sourceTree = "<group>"; };
		0084582D249D7A5E00C69225 /* Animal.swift */ = {isa = PBXFileReference; lastKnownFileType = sourcecode.swift; path = Animal.swift; sourceTree = "<group>"; };
		0084582F249D7A9A00C69225 /* Answer.swift */ = {isa = PBXFileReference; lastKnownFileType = sourcecode.swift; path = Answer.swift; sourceTree = "<group>"; };
		00845831249D7ADE00C69225 /* QuestionViewController.swift */ = {isa = PBXFileReference; lastKnownFileType = sourcecode.swift; path = QuestionViewController.swift; sourceTree = "<group>"; };
		00845833249D7B1E00C69225 /* SingleQuestionViewController.swift */ = {isa = PBXFileReference; lastKnownFileType = sourcecode.swift; path = SingleQuestionViewController.swift; sourceTree = "<group>"; };
		00845835249D7B6300C69225 /* MultipleQuestionViewController.swift */ = {isa = PBXFileReference; lastKnownFileType = sourcecode.swift; path = MultipleQuestionViewController.swift; sourceTree = "<group>"; };
		00845837249D7BDB00C69225 /* FloatQuestionViewController.swift */ = {isa = PBXFileReference; lastKnownFileType = sourcecode.swift; path = FloatQuestionViewController.swift; sourceTree = "<group>"; };
		00845839249D7C1300C69225 /* questions.swift */ = {isa = PBXFileReference; lastKnownFileType = sourcecode.swift; path = questions.swift; sourceTree = "<group>"; };
		0084583B249D80C900C69225 /* MultipleTVQuestionViewController.swift */ = {isa = PBXFileReference; lastKnownFileType = sourcecode.swift; path = MultipleTVQuestionViewController.swift; sourceTree = "<group>"; };
/* End PBXFileReference section */

/* Begin PBXFrameworksBuildPhase section */
		0084580D249D78DC00C69225 /* Frameworks */ = {
			isa = PBXFrameworksBuildPhase;
			buildActionMask = 2147483647;
			files = (
			);
			runOnlyForDeploymentPostprocessing = 0;
		};
/* End PBXFrameworksBuildPhase section */

/* Begin PBXGroup section */
		00845807249D78DC00C69225 = {
			isa = PBXGroup;
			children = (
				00845812249D78DC00C69225 /* PersonalityInheritance */,
				00845811249D78DC00C69225 /* Products */,
			);
			sourceTree = "<group>";
		};
		00845811249D78DC00C69225 /* Products */ = {
			isa = PBXGroup;
			children = (
				00845810249D78DC00C69225 /* PersonalityInheritance.app */,
			);
			name = Products;
			sourceTree = "<group>";
		};
		00845812249D78DC00C69225 /* PersonalityInheritance */ = {
			isa = PBXGroup;
			children = (
				00845813249D78DC00C69225 /* AppDelegate.swift */,
				00845815249D78DC00C69225 /* SceneDelegate.swift */,
				00845817249D78DC00C69225 /* ViewController.swift */,
				00845827249D799900C69225 /* NavigationController.swift */,
				00845829249D79FA00C69225 /* IntroductionViewController.swift */,
				0084582B249D7A3C00C69225 /* ResultsViewController.swift */,
				0084582D249D7A5E00C69225 /* Animal.swift */,
				0084582F249D7A9A00C69225 /* Answer.swift */,
				00845831249D7ADE00C69225 /* QuestionViewController.swift */,
				00845833249D7B1E00C69225 /* SingleQuestionViewController.swift */,
				00845835249D7B6300C69225 /* MultipleQuestionViewController.swift */,
				00845837249D7BDB00C69225 /* FloatQuestionViewController.swift */,
				0084583B249D80C900C69225 /* MultipleTVQuestionViewController.swift */,
				00845839249D7C1300C69225 /* questions.swift */,
				00845819249D78DC00C69225 /* Main.storyboard */,
				0084581C249D78DE00C69225 /* Assets.xcassets */,
				0084581E249D78DE00C69225 /* LaunchScreen.storyboard */,
				00845821249D78DE00C69225 /* Info.plist */,
			);
			path = PersonalityInheritance;
			sourceTree = "<group>";
		};
/* End PBXGroup section */

/* Begin PBXNativeTarget section */
		0084580F249D78DC00C69225 /* PersonalityInheritance */ = {
			isa = PBXNativeTarget;
			buildConfigurationList = 00845824249D78DE00C69225 /* Build configuration list for PBXNativeTarget "PersonalityInheritance" */;
			buildPhases = (
				0084580C249D78DC00C69225 /* Sources */,
				0084580D249D78DC00C69225 /* Frameworks */,
				0084580E249D78DC00C69225 /* Resources */,
			);
			buildRules = (
			);
			dependencies = (
			);
			name = PersonalityInheritance;
			productName = PersonalityInheritance;
			productReference = 00845810249D78DC00C69225 /* PersonalityInheritance.app */;
			productType = "com.apple.product-type.application";
		};
/* End PBXNativeTarget section */

/* Begin PBXProject section */
		00845808249D78DC00C69225 /* Project object */ = {
			isa = PBXProject;
			attributes = {
				LastSwiftUpdateCheck = 1150;
				LastUpgradeCheck = 1150;
				ORGANIZATIONNAME = BMCC;
				TargetAttributes = {
					0084580F249D78DC00C69225 = {
						CreatedOnToolsVersion = 11.5;
					};
				};
			};
			buildConfigurationList = 0084580B249D78DC00C69225 /* Build configuration list for PBXProject "PersonalityInheritance" */;
			compatibilityVersion = "Xcode 9.3";
			developmentRegion = en;
			hasScannedForEncodings = 0;
			knownRegions = (
				en,
				Base,
			);
			mainGroup = 00845807249D78DC00C69225;
			productRefGroup = 00845811249D78DC00C69225 /* Products */;
			projectDirPath = "";
			projectRoot = "";
			targets = (
				0084580F249D78DC00C69225 /* PersonalityInheritance */,
			);
		};
/* End PBXProject section */

/* Begin PBXResourcesBuildPhase section */
		0084580E249D78DC00C69225 /* Resources */ = {
			isa = PBXResourcesBuildPhase;
			buildActionMask = 2147483647;
			files = (
				00845820249D78DE00C69225 /* LaunchScreen.storyboard in Resources */,
				0084581D249D78DE00C69225 /* Assets.xcassets in Resources */,
				0084581B249D78DC00C69225 /* Main.storyboard in Resources */,
			);
			runOnlyForDeploymentPostprocessing = 0;
		};
/* End PBXResourcesBuildPhase section */

/* Begin PBXSourcesBuildPhase section */
		0084580C249D78DC00C69225 /* Sources */ = {
			isa = PBXSourcesBuildPhase;
			buildActionMask = 2147483647;
			files = (
				00845834249D7B1E00C69225 /* SingleQuestionViewController.swift in Sources */,
				00845836249D7B6300C69225 /* MultipleQuestionViewController.swift in Sources */,
				0084583C249D80C900C69225 /* MultipleTVQuestionViewController.swift in Sources */,
				0084583A249D7C1300C69225 /* questions.swift in Sources */,
				00845818249D78DC00C69225 /* ViewController.swift in Sources */,
				0084582A249D79FA00C69225 /* IntroductionViewController.swift in Sources */,
				00845828249D799900C69225 /* NavigationController.swift in Sources */,
				00845814249D78DC00C69225 /* AppDelegate.swift in Sources */,
				0084582E249D7A5E00C69225 /* Animal.swift in Sources */,
				00845816249D78DC00C69225 /* SceneDelegate.swift in Sources */,
				0084582C249D7A3C00C69225 /* ResultsViewController.swift in Sources */,
				00845830249D7A9A00C69225 /* Answer.swift in Sources */,
				00845832249D7ADE00C69225 /* QuestionViewController.swift in Sources */,
				00845838249D7BDB00C69225 /* FloatQuestionViewController.swift in Sources */,
			);
			runOnlyForDeploymentPostprocessing = 0;
		};
/* End PBXSourcesBuildPhase section */

/* Begin PBXVariantGroup section */
		00845819249D78DC00C69225 /* Main.storyboard */ = {
			isa = PBXVariantGroup;
			children = (
				0084581A249D78DC00C69225 /* Base */,
			);
			name = Main.storyboard;
			sourceTree = "<group>";
		};
		0084581E249D78DE00C69225 /* LaunchScreen.storyboard */ = {
			isa = PBXVariantGroup;
			children = (
				0084581F249D78DE00C69225 /* Base */,
			);
			name = LaunchScreen.storyboard;
			sourceTree = "<group>";
		};
/* End PBXVariantGroup section */

/* Begin XCBuildConfiguration section */
		00845822249D78DE00C69225 /* Debug */ = {
			isa = XCBuildConfiguration;
			buildSettings = {
				ALWAYS_SEARCH_USER_PATHS = NO;
				CLANG_ANALYZER_NONNULL = YES;
				CLANG_ANALYZER_NUMBER_OBJECT_CONVERSION = YES_AGGRESSIVE;
				CLANG_CXX_LANGUAGE_STANDARD = "gnu++14";
				CLANG_CXX_LIBRARY = "libc++";
				CLANG_ENABLE_MODULES = YES;
				CLANG_ENABLE_OBJC_ARC = YES;
				CLANG_ENABLE_OBJC_WEAK = YES;
				CLANG_WARN_BLOCK_CAPTURE_AUTORELEASING = YES;
				CLANG_WARN_BOOL_CONVERSION = YES;
				CLANG_WARN_COMMA = YES;
				CLANG_WARN_CONSTANT_CONVERSION = YES;
				CLANG_WARN_DEPRECATED_OBJC_IMPLEMENTATIONS = YES;
				CLANG_WARN_DIRECT_OBJC_ISA_USAGE = YES_ERROR;
				CLANG_WARN_DOCUMENTATION_COMMENTS = YES;
				CLANG_WARN_EMPTY_BODY = YES;
				CLANG_WARN_ENUM_CONVERSION = YES;
				CLANG_WARN_INFINITE_RECURSION = YES;
				CLANG_WARN_INT_CONVERSION = YES;
				CLANG_WARN_NON_LITERAL_NULL_CONVERSION = YES;
				CLANG_WARN_OBJC_IMPLICIT_RETAIN_SELF = YES;
				CLANG_WARN_OBJC_LITERAL_CONVERSION = YES;
				CLANG_WARN_OBJC_ROOT_CLASS = YES_ERROR;
				CLANG_WARN_RANGE_LOOP_ANALYSIS = YES;
				CLANG_WARN_STRICT_PROTOTYPES = YES;
				CLANG_WARN_SUSPICIOUS_MOVE = YES;
				CLANG_WARN_UNGUARDED_AVAILABILITY = YES_AGGRESSIVE;
				CLANG_WARN_UNREACHABLE_CODE = YES;
				CLANG_WARN__DUPLICATE_METHOD_MATCH = YES;
				COPY_PHASE_STRIP = NO;
				DEBUG_INFORMATION_FORMAT = dwarf;
				ENABLE_STRICT_OBJC_MSGSEND = YES;
				ENABLE_TESTABILITY = YES;
				GCC_C_LANGUAGE_STANDARD = gnu11;
				GCC_DYNAMIC_NO_PIC = NO;
				GCC_NO_COMMON_BLOCKS = YES;
				GCC_OPTIMIZATION_LEVEL = 0;
				GCC_PREPROCESSOR_DEFINITIONS = (
					"DEBUG=1",
					"$(inherited)",
				);
				GCC_WARN_64_TO_32_BIT_CONVERSION = YES;
				GCC_WARN_ABOUT_RETURN_TYPE = YES_ERROR;
				GCC_WARN_UNDECLARED_SELECTOR = YES;
				GCC_WARN_UNINITIALIZED_AUTOS = YES_AGGRESSIVE;
				GCC_WARN_UNUSED_FUNCTION = YES;
				GCC_WARN_UNUSED_VARIABLE = YES;
				IPHONEOS_DEPLOYMENT_TARGET = 13.5;
				MTL_ENABLE_DEBUG_INFO = INCLUDE_SOURCE;
				MTL_FAST_MATH = YES;
				ONLY_ACTIVE_ARCH = YES;
				SDKROOT = iphoneos;
				SWIFT_ACTIVE_COMPILATION_CONDITIONS = DEBUG;
				SWIFT_OPTIMIZATION_LEVEL = "-Onone";
			};
			name = Debug;
		};
		00845823249D78DE00C69225 /* Release */ = {
			isa = XCBuildConfiguration;
			buildSettings = {
				ALWAYS_SEARCH_USER_PATHS = NO;
				CLANG_ANALYZER_NONNULL = YES;
				CLANG_ANALYZER_NUMBER_OBJECT_CONVERSION = YES_AGGRESSIVE;
				CLANG_CXX_LANGUAGE_STANDARD = "gnu++14";
				CLANG_CXX_LIBRARY = "libc++";
				CLANG_ENABLE_MODULES = YES;
				CLANG_ENABLE_OBJC_ARC = YES;
				CLANG_ENABLE_OBJC_WEAK = YES;
				CLANG_WARN_BLOCK_CAPTURE_AUTORELEASING = YES;
				CLANG_WARN_BOOL_CONVERSION = YES;
				CLANG_WARN_COMMA = YES;
				CLANG_WARN_CONSTANT_CONVERSION = YES;
				CLANG_WARN_DEPRECATED_OBJC_IMPLEMENTATIONS = YES;
				CLANG_WARN_DIRECT_OBJC_ISA_USAGE = YES_ERROR;
				CLANG_WARN_DOCUMENTATION_COMMENTS = YES;
				CLANG_WARN_EMPTY_BODY = YES;
				CLANG_WARN_ENUM_CONVERSION = YES;
				CLANG_WARN_INFINITE_RECURSION = YES;
				CLANG_WARN_INT_CONVERSION = YES;
				CLANG_WARN_NON_LITERAL_NULL_CONVERSION = YES;
				CLANG_WARN_OBJC_IMPLICIT_RETAIN_SELF = YES;
				CLANG_WARN_OBJC_LITERAL_CONVERSION = YES;
				CLANG_WARN_OBJC_ROOT_CLASS = YES_ERROR;
				CLANG_WARN_RANGE_LOOP_ANALYSIS = YES;
				CLANG_WARN_STRICT_PROTOTYPES = YES;
				CLANG_WARN_SUSPICIOUS_MOVE = YES;
				CLANG_WARN_UNGUARDED_AVAILABILITY = YES_AGGRESSIVE;
				CLANG_WARN_UNREACHABLE_CODE = YES;
				CLANG_WARN__DUPLICATE_METHOD_MATCH = YES;
				COPY_PHASE_STRIP = NO;
				DEBUG_INFORMATION_FORMAT = "dwarf-with-dsym";
				ENABLE_NS_ASSERTIONS = NO;
				ENABLE_STRICT_OBJC_MSGSEND = YES;
				GCC_C_LANGUAGE_STANDARD = gnu11;
				GCC_NO_COMMON_BLOCKS = YES;
				GCC_WARN_64_TO_32_BIT_CONVERSION = YES;
				GCC_WARN_ABOUT_RETURN_TYPE = YES_ERROR;
				GCC_WARN_UNDECLARED_SELECTOR = YES;
				GCC_WARN_UNINITIALIZED_AUTOS = YES_AGGRESSIVE;
				GCC_WARN_UNUSED_FUNCTION = YES;
				GCC_WARN_UNUSED_VARIABLE = YES;
				IPHONEOS_DEPLOYMENT_TARGET = 13.5;
				MTL_ENABLE_DEBUG_INFO = NO;
				MTL_FAST_MATH = YES;
				SDKROOT = iphoneos;
				SWIFT_COMPILATION_MODE = wholemodule;
				SWIFT_OPTIMIZATION_LEVEL = "-O";
				VALIDATE_PRODUCT = YES;
			};
			name = Release;
		};
		00845825249D78DE00C69225 /* Debug */ = {
			isa = XCBuildConfiguration;
			buildSettings = {
				ASSETCATALOG_COMPILER_APPICON_NAME = AppIcon;
				CODE_SIGN_STYLE = Automatic;
				DEVELOPMENT_TEAM = UH2SK354J5;
				INFOPLIST_FILE = PersonalityInheritance/Info.plist;
				LD_RUNPATH_SEARCH_PATHS = (
					"$(inherited)",
					"@executable_path/Frameworks",
				);
				PRODUCT_BUNDLE_IDENTIFIER = edu.cuny.bmcc.PersonalityInheritance;
				PRODUCT_NAME = "$(TARGET_NAME)";
				SWIFT_VERSION = 5.0;
				TARGETED_DEVICE_FAMILY = "1,2";
			};
			name = Debug;
		};
		00845826249D78DE00C69225 /* Release */ = {
			isa = XCBuildConfiguration;
			buildSettings = {
				ASSETCATALOG_COMPILER_APPICON_NAME = AppIcon;
				CODE_SIGN_STYLE = Automatic;
				DEVELOPMENT_TEAM = UH2SK354J5;
				INFOPLIST_FILE = PersonalityInheritance/Info.plist;
				LD_RUNPATH_SEARCH_PATHS = (
					"$(inherited)",
					"@executable_path/Frameworks",
				);
				PRODUCT_BUNDLE_IDENTIFIER = edu.cuny.bmcc.PersonalityInheritance;
				PRODUCT_NAME = "$(TARGET_NAME)";
				SWIFT_VERSION = 5.0;
				TARGETED_DEVICE_FAMILY = "1,2";
			};
			name = Release;
		};
/* End XCBuildConfiguration section */

/* Begin XCConfigurationList section */
		0084580B249D78DC00C69225 /* Build configuration list for PBXProject "PersonalityInheritance" */ = {
			isa = XCConfigurationList;
			buildConfigurations = (
				00845822249D78DE00C69225 /* Debug */,
				00845823249D78DE00C69225 /* Release */,
			);
			defaultConfigurationIsVisible = 0;
			defaultConfigurationName = Release;
		};
		00845824249D78DE00C69225 /* Build configuration list for PBXNativeTarget "PersonalityInheritance" */ = {
			isa = XCConfigurationList;
			buildConfigurations = (
				00845825249D78DE00C69225 /* Debug */,
				00845826249D78DE00C69225 /* Release */,
			);
			defaultConfigurationIsVisible = 0;
			defaultConfigurationName = Release;
		};
/* End XCConfigurationList section */
	};
	rootObject = 00845808249D78DC00C69225 /* Project object */;
}
